
Microsoft Visual Studio Solution File, Format Version 12.00
# Visual Studio 14
VisualStudioVersion = 14.0.24720.0
MinimumVisualStudioVersion = 10.0.40219.1
Project("{FAE04EC0-301F-11D3-BF4B-00C04F79EFBC}") = "Client", "Client\Client.csproj", "{D3165806-9882-4800-A1DF-5A574DF4FF2F}"
EndProject
Project("{FAE04EC0-301F-11D3-BF4B-00C04F79EFBC}") = "Server", "Server\Server.csproj", "{5AF649E0-61B4-4D11-955B-69180A80CEA9}"
EndProject
Global
	GlobalSection(SolutionConfigurationPlatforms) = preSolution
		Debug|Any CPU = Debug|Any CPU
		Debug|x86 = Debug|x86
		Release|Any CPU = Release|Any CPU
		Release|x86 = Release|x86
	EndGlobalSection
	GlobalSection(ProjectConfigurationPlatforms) = postSolution
		{D3165806-9882-4800-A1DF-5A574DF4FF2F}.Debug|Any CPU.ActiveCfg = Debug|x86
		{D3165806-9882-4800-A1DF-5A574DF4FF2F}.Debug|x86.ActiveCfg = Debug|x86
		{D3165806-9882-4800-A1DF-5A574DF4FF2F}.Debug|x86.Build.0 = Debug|x86
		{D3165806-9882-4800-A1DF-5A574DF4FF2F}.Release|Any CPU.ActiveCfg = Release|x86
		{D3165806-9882-4800-A1DF-5A574DF4FF2F}.Release|x86.ActiveCfg = Release|x86
		{D3165806-9882-4800-A1DF-5A574DF4FF2F}.Release|x86.Build.0 = Release|x86
		{5AF649E0-61B4-4D11-955B-69180A80CEA9}.Debug|Any CPU.ActiveCfg = Debug|x86
		{5AF649E0-61B4-4D11-955B-69180A80CEA9}.Debug|x86.ActiveCfg = Debug|x86
		{5AF649E0-61B4-4D11-955B-69180A80CEA9}.Debug|x86.Build.0 = Debug|x86
		{5AF649E0-61B4-4D11-955B-69180A80CEA9}.Release|Any CPU.ActiveCfg = Release|x86
		{5AF649E0-61B4-4D11-955B-69180A80CEA9}.Release|x86.ActiveCfg = Release|x86
		{5AF649E0-61B4-4D11-955B-69180A80CEA9}.Release|x86.Build.0 = Release|x86
	EndGlobalSection
	GlobalSection(SolutionProperties) = preSolution
		HideSolutionNode = FALSE
	EndGlobalSection
EndGlobal
